
Microsoft Visual Studio Solution File, Format Version 12.00
# Visual Studio Version 16
VisualStudioVersion = 16.6.30114.105
MinimumVisualStudioVersion = 10.0.40219.1
Project("{FAE04EC0-301F-11D3-BF4B-00C04F79EFBC}") = "auth-api", "auth-api\auth-api.csproj", "{8963D626-6D72-4D51-9595-A4837D533547}"
EndProject
Project("{FAE04EC0-301F-11D3-BF4B-00C04F79EFBC}") = "api", "main\api.csproj", "{4021CC4A-5E83-4630-BD0C-5D021198047B}"
EndProject
Global
	GlobalSection(SolutionConfigurationPlatforms) = preSolution
		Debug|Any CPU = Debug|Any CPU
		Debug|x64 = Debug|x64
		Debug|x86 = Debug|x86
		Release|Any CPU = Release|Any CPU
		Release|x64 = Release|x64
		Release|x86 = Release|x86
	EndGlobalSection
	GlobalSection(SolutionProperties) = preSolution
		HideSolutionNode = FALSE
	EndGlobalSection
	GlobalSection(ProjectConfigurationPlatforms) = postSolution
		{8963D626-6D72-4D51-9595-A4837D533547}.Debug|Any CPU.ActiveCfg = Debug|Any CPU
		{8963D626-6D72-4D51-9595-A4837D533547}.Debug|Any CPU.Build.0 = Debug|Any CPU
		{8963D626-6D72-4D51-9595-A4837D533547}.Debug|x64.ActiveCfg = Debug|Any CPU
		{8963D626-6D72-4D51-9595-A4837D533547}.Debug|x64.Build.0 = Debug|Any CPU
		{8963D626-6D72-4D51-9595-A4837D533547}.Debug|x86.ActiveCfg = Debug|Any CPU
		{8963D626-6D72-4D51-9595-A4837D533547}.Debug|x86.Build.0 = Debug|Any CPU
		{8963D626-6D72-4D51-9595-A4837D533547}.Release|Any CPU.ActiveCfg = Release|Any CPU
		{8963D626-6D72-4D51-9595-A4837D533547}.Release|Any CPU.Build.0 = Release|Any CPU
		{8963D626-6D72-4D51-9595-A4837D533547}.Release|x64.ActiveCfg = Release|Any CPU
		{8963D626-6D72-4D51-9595-A4837D533547}.Release|x64.Build.0 = Release|Any CPU
		{8963D626-6D72-4D51-9595-A4837D533547}.Release|x86.ActiveCfg = Release|Any CPU
		{8963D626-6D72-4D51-9595-A4837D533547}.Release|x86.Build.0 = Release|Any CPU
		{4021CC4A-5E83-4630-BD0C-5D021198047B}.Debug|Any CPU.ActiveCfg = Debug|Any CPU
		{4021CC4A-5E83-4630-BD0C-5D021198047B}.Debug|Any CPU.Build.0 = Debug|Any CPU
		{4021CC4A-5E83-4630-BD0C-5D021198047B}.Debug|x64.ActiveCfg = Debug|Any CPU
		{4021CC4A-5E83-4630-BD0C-5D021198047B}.Debug|x64.Build.0 = Debug|Any CPU
		{4021CC4A-5E83-4630-BD0C-5D021198047B}.Debug|x86.ActiveCfg = Debug|Any CPU
		{4021CC4A-5E83-4630-BD0C-5D021198047B}.Debug|x86.Build.0 = Debug|Any CPU
		{4021CC4A-5E83-4630-BD0C-5D021198047B}.Release|Any CPU.ActiveCfg = Release|Any CPU
		{4021CC4A-5E83-4630-BD0C-5D021198047B}.Release|Any CPU.Build.0 = Release|Any CPU
		{4021CC4A-5E83-4630-BD0C-5D021198047B}.Release|x64.ActiveCfg = Release|Any CPU
		{4021CC4A-5E83-4630-BD0C-5D021198047B}.Release|x64.Build.0 = Release|Any CPU
		{4021CC4A-5E83-4630-BD0C-5D021198047B}.Release|x86.ActiveCfg = Release|Any CPU
		{4021CC4A-5E83-4630-BD0C-5D021198047B}.Release|x86.Build.0 = Release|Any CPU
	EndGlobalSection
EndGlobal
